
Microsoft Visual Studio Solution File, Format Version 12.00
# Visual Studio Version 16
VisualStudioVersion = 16.0.31205.134
MinimumVisualStudioVersion = 10.0.40219.1
Project("{FAE04EC0-301F-11D3-BF4B-00C04F79EFBC}") = "Lab_Console", "Lab_Console\Lab_Console.csproj", "{3AD6D9FE-0492-480E-B99D-FB6B8B3A7D4B}"
EndProject
Project("{FAE04EC0-301F-11D3-BF4B-00C04F79EFBC}") = "Lab_Form", "Lab_Form\Lab_Form.csproj", "{6D456E00-5855-4BFE-8573-3374B0005CEA}"
EndProject
Project("{FAE04EC0-301F-11D3-BF4B-00C04F79EFBC}") = "LoanForm", "LoanForm\LoanForm.csproj", "{2A050F5D-94B2-4A71-B367-D880E8C37F14}"
EndProject
Global
	GlobalSection(SolutionConfigurationPlatforms) = preSolution
		Debug|Any CPU = Debug|Any CPU
		Release|Any CPU = Release|Any CPU
	EndGlobalSection
	GlobalSection(ProjectConfigurationPlatforms) = postSolution
		{3AD6D9FE-0492-480E-B99D-FB6B8B3A7D4B}.Debug|Any CPU.ActiveCfg = Debug|Any CPU
		{3AD6D9FE-0492-480E-B99D-FB6B8B3A7D4B}.Debug|Any CPU.Build.0 = Debug|Any CPU
		{3AD6D9FE-0492-480E-B99D-FB6B8B3A7D4B}.Release|Any CPU.ActiveCfg = Release|Any CPU
		{3AD6D9FE-0492-480E-B99D-FB6B8B3A7D4B}.Release|Any CPU.Build.0 = Release|Any CPU
		{6D456E00-5855-4BFE-8573-3374B0005CEA}.Debug|Any CPU.ActiveCfg = Debug|Any CPU
		{6D456E00-5855-4BFE-8573-3374B0005CEA}.Debug|Any CPU.Build.0 = Debug|Any CPU
		{6D456E00-5855-4BFE-8573-3374B0005CEA}.Release|Any CPU.ActiveCfg = Release|Any CPU
		{6D456E00-5855-4BFE-8573-3374B0005CEA}.Release|Any CPU.Build.0 = Release|Any CPU
		{2A050F5D-94B2-4A71-B367-D880E8C37F14}.Debug|Any CPU.ActiveCfg = Debug|Any CPU
		{2A050F5D-94B2-4A71-B367-D880E8C37F14}.Debug|Any CPU.Build.0 = Debug|Any CPU
		{2A050F5D-94B2-4A71-B367-D880E8C37F14}.Release|Any CPU.ActiveCfg = Release|Any CPU
		{2A050F5D-94B2-4A71-B367-D880E8C37F14}.Release|Any CPU.Build.0 = Release|Any CPU
	EndGlobalSection
	GlobalSection(SolutionProperties) = preSolution
		HideSolutionNode = FALSE
	EndGlobalSection
	GlobalSection(ExtensibilityGlobals) = postSolution
		SolutionGuid = {6F35BA36-8BF6-400D-8A92-B2A869484EDB}
	EndGlobalSection
EndGlobal
